{
  "version": 4,
  "terraform_version": "0.12.28",
  "serial": 16,
  "lineage": "39dca7d7-8d6c-dace-e2cd-92c96e64ebda",
  "outputs": {},
  "resources": [
    {
      "mode": "managed",
      "type": "azurerm_linux_virtual_machine",
      "name": "acqa-test-vm1",
      "provider": "provider.azurerm",
      "instances": [
        {
          "schema_version": 0,
          "attributes": {
            "additional_capabilities": [],
            "admin_password": null,
            "admin_ssh_key": [
              {
                "public_key": "ssh-rsa AAAAB3NzaC1yc2EAAAADAQABAAABgQCmYVb9bgk50yLJ6HossEdOLqlNjW5gtKob+O2zMLD+qJfSv37iCSezBkgmWsqwlv9Q9XWV+kpFHdLgjAnAQBUFldMJSwLb4lecxCD8xCoBQhzB6KjOA8C/HJtuPsBEISfu2XkKfwRTZolhbJB00lzSfvbKBZ+lEvyaIfpkFpIwtGheNKVc6FlvM+x2LZ+USsBHPK7RLcxsRTyWWXajR9dylaCAfBSikCju3FDC4O2L4fD2ghD9efUS6dlsNzwKqb1KW1KvLJ5/p7xQz8pXi3GaQN61O/tX0TlEEuul3sZEqOh7BW6yaXFVvO89Zw/y/bfWONXp9pEkrRGxF0E2Fe2JqWC1o/kb47qp8sN3XOL89eAu3bk0p8hpL5sWG/V5Fkd3Nq146e4Rw9ciW8MhqMoHkUEftqIdPjTuO7k+sd8/8Y2QB4Lmtak7s8Fws1UCxIEwxygkCnNqNeTjJpetu3Fyw68IPFg2L6YWf+n/B2R6uu3LGSwrvW6SjE9+lR4/ZXM= oem@KAUSLENO\n",
                "username": "acqa-test-user1"
              }
            ],
            "admin_username": "acqa-test-user1",
            "allow_extension_operations": true,
            "availability_set_id": "",
            "boot_diagnostics": [
              {
                "storage_account_uri": "https://acqateststorageaccount1.blob.core.windows.net/"
              }
            ],
            "computer_name": "acqa-test-vm1",
            "custom_data": null,
            "dedicated_host_id": "",
            "disable_password_authentication": true,
            "eviction_policy": "",
            "id": "/subscriptions/734613be-a4f0-4fe5-9131-17614a0c896b/resourceGroups/acqa-test-rg1/providers/Microsoft.Compute/virtualMachines/acqa-test-vm1",
            "identity": [],
            "location": "eastus",
            "max_bid_price": -1,
            "name": "acqa-test-vm1",
            "network_interface_ids": [
              "/subscriptions/734613be-a4f0-4fe5-9131-17614a0c896b/resourceGroups/acqa-test-rg1/providers/Microsoft.Network/networkInterfaces/acqa-test-nic1"
            ],
            "os_disk": [
              {
                "caching": "ReadWrite",
                "diff_disk_settings": [],
                "disk_encryption_set_id": "",
                "disk_size_gb": 30,
                "name": "acqa-test-osdisk1",
                "storage_account_type": "Premium_LRS",
                "write_accelerator_enabled": false
              }
            ],
            "plan": [],
            "priority": "Regular",
            "private_ip_address": "10.0.1.4",
            "private_ip_addresses": [
              "10.0.1.4"
            ],
            "provision_vm_agent": true,
            "proximity_placement_group_id": "",
            "public_ip_address": "52.152.165.182",
            "public_ip_addresses": [
              "52.152.165.182"
            ],
            "resource_group_name": "acqa-test-rg1",
            "secret": [],
            "size": "Standard_DS1_v2",
            "source_image_id": "",
            "source_image_reference": [
              {
                "offer": "UbuntuServer",
                "publisher": "Canonical",
                "sku": "16.04.0-LTS",
                "version": "latest"
              }
            ],
            "tags": {
              "ACQAResource": "true",
              "Name": "acqa-test-vm1",
              "Owner": "ACQA"
            },
            "timeouts": null,
            "virtual_machine_id": "46ca858f-1bb0-4726-83a8-a5f065c831f0",
            "virtual_machine_scale_set_id": "",
            "zone": ""
          },
          "private": "eyJlMmJmYjczMC1lY2FhLTExZTYtOGY4OC0zNDM2M2JjN2M0YzAiOnsiY3JlYXRlIjoyNzAwMDAwMDAwMDAwLCJkZWxldGUiOjI3MDAwMDAwMDAwMDAsInJlYWQiOjMwMDAwMDAwMDAwMCwidXBkYXRlIjoyNzAwMDAwMDAwMDAwfX0=",
          "dependencies": [
            "azurerm_network_interface.acqa-test-nic1",
            "azurerm_public_ip.acqa-test-publicip1",
            "azurerm_resource_group.acqa-test-rg1",
            "azurerm_storage_account.acqa-test-storageaccount1",
            "azurerm_subnet.acqa-test-subnet1",
            "azurerm_virtual_network.acqa-test-vnet1"
          ]
        }
      ]
    },
    {
      "mode": "managed",
      "type": "azurerm_network_interface",
      "name": "acqa-test-nic1",
      "provider": "provider.azurerm",
      "instances": [
        {
          "schema_version": 0,
          "attributes": {
            "applied_dns_servers": [],
            "dns_servers": [],
            "enable_accelerated_networking": false,
            "enable_ip_forwarding": false,
            "id": "/subscriptions/734613be-a4f0-4fe5-9131-17614a0c896b/resourceGroups/acqa-test-rg1/providers/Microsoft.Network/networkInterfaces/acqa-test-nic1",
            "internal_dns_name_label": "",
            "internal_domain_name_suffix": "k2adtiazlucehn2jo2hcguiccd.bx.internal.cloudapp.net",
            "ip_configuration": [
              {
                "name": "acqa-test-ipconfig1",
                "primary": true,
                "private_ip_address": "10.0.1.4",
                "private_ip_address_allocation": "Dynamic",
                "private_ip_address_version": "IPv4",
                "public_ip_address_id": "/subscriptions/734613be-a4f0-4fe5-9131-17614a0c896b/resourceGroups/acqa-test-rg1/providers/Microsoft.Network/publicIPAddresses/acqa-test-publicip1",
                "subnet_id": "/subscriptions/734613be-a4f0-4fe5-9131-17614a0c896b/resourceGroups/acqa-test-rg1/providers/Microsoft.Network/virtualNetworks/acqa-test-vnet1/subnets/acqa-test-subnet1"
              }
            ],
            "location": "eastus",
            "mac_address": "",
            "name": "acqa-test-nic1",
            "private_ip_address": "10.0.1.4",
            "private_ip_addresses": [
              "10.0.1.4"
            ],
            "resource_group_name": "acqa-test-rg1",
            "tags": {
              "ACQAResource": "true",
              "Name": "acqa-test-nic1",
              "Owner": "ACQA"
            },
            "timeouts": null,
            "virtual_machine_id": ""
          },
          "private": "eyJlMmJmYjczMC1lY2FhLTExZTYtOGY4OC0zNDM2M2JjN2M0YzAiOnsiY3JlYXRlIjoxODAwMDAwMDAwMDAwLCJkZWxldGUiOjE4MDAwMDAwMDAwMDAsInJlYWQiOjMwMDAwMDAwMDAwMCwidXBkYXRlIjoxODAwMDAwMDAwMDAwfX0=",
          "dependencies": [
            "azurerm_public_ip.acqa-test-publicip1",
            "azurerm_resource_group.acqa-test-rg1",
            "azurerm_subnet.acqa-test-subnet1",
            "azurerm_virtual_network.acqa-test-vnet1"
          ]
        }
      ]
    },
    {
      "mode": "managed",
      "type": "azurerm_network_interface_security_group_association",
      "name": "acqa-test-nisga1",
      "provider": "provider.azurerm",
      "instances": [
        {
          "schema_version": 0,
          "attributes": {
            "id": "/subscriptions/734613be-a4f0-4fe5-9131-17614a0c896b/resourceGroups/acqa-test-rg1/providers/Microsoft.Network/networkInterfaces/acqa-test-nic1|/subscriptions/734613be-a4f0-4fe5-9131-17614a0c896b/resourceGroups/acqa-test-rg1/providers/Microsoft.Network/networkSecurityGroups/acqa-test-nsg1",
            "network_interface_id": "/subscriptions/734613be-a4f0-4fe5-9131-17614a0c896b/resourceGroups/acqa-test-rg1/providers/Microsoft.Network/networkInterfaces/acqa-test-nic1",
            "network_security_group_id": "/subscriptions/734613be-a4f0-4fe5-9131-17614a0c896b/resourceGroups/acqa-test-rg1/providers/Microsoft.Network/networkSecurityGroups/acqa-test-nsg1",
            "timeouts": null
          },
          "private": "eyJlMmJmYjczMC1lY2FhLTExZTYtOGY4OC0zNDM2M2JjN2M0YzAiOnsiY3JlYXRlIjoxODAwMDAwMDAwMDAwLCJkZWxldGUiOjE4MDAwMDAwMDAwMDAsInJlYWQiOjMwMDAwMDAwMDAwMCwidXBkYXRlIjoxODAwMDAwMDAwMDAwfX0=",
          "dependencies": [
            "azurerm_network_interface.acqa-test-nic1",
            "azurerm_network_security_group.acqa-test-nsg1",
            "azurerm_public_ip.acqa-test-publicip1",
            "azurerm_resource_group.acqa-test-rg1",
            "azurerm_subnet.acqa-test-subnet1",
            "azurerm_virtual_network.acqa-test-vnet1"
          ]
        }
      ]
    },
    {
      "mode": "managed",
      "type": "azurerm_network_security_group",
      "name": "acqa-test-nsg1",
      "provider": "provider.azurerm",
      "instances": [
        {
          "schema_version": 0,
          "attributes": {
            "id": "/subscriptions/734613be-a4f0-4fe5-9131-17614a0c896b/resourceGroups/acqa-test-rg1/providers/Microsoft.Network/networkSecurityGroups/acqa-test-nsg1",
            "location": "eastus",
            "name": "acqa-test-nsg1",
            "resource_group_name": "acqa-test-rg1",
            "security_rule": [
              {
                "access": "Allow",
                "description": "",
                "destination_address_prefix": "*",
                "destination_address_prefixes": [],
                "destination_application_security_group_ids": [],
                "destination_port_range": "*",
                "destination_port_ranges": [],
                "direction": "Inbound",
                "name": "SSH",
                "priority": 1001,
                "protocol": "tcp",
                "source_address_prefix": "*",
                "source_address_prefixes": [],
                "source_application_security_group_ids": [],
                "source_port_range": "*",
                "source_port_ranges": []
              }
            ],
            "tags": {
              "ACQAResource": "true",
              "Name": "acqa-test-nsg1",
              "Owner": "ACQA"
            },
            "timeouts": null
          },
          "private": "eyJlMmJmYjczMC1lY2FhLTExZTYtOGY4OC0zNDM2M2JjN2M0YzAiOnsiY3JlYXRlIjoxODAwMDAwMDAwMDAwLCJkZWxldGUiOjE4MDAwMDAwMDAwMDAsInJlYWQiOjMwMDAwMDAwMDAwMCwidXBkYXRlIjoxODAwMDAwMDAwMDAwfX0=",
          "dependencies": [
            "azurerm_resource_group.acqa-test-rg1"
          ]
        }
      ]
    },
    {
      "mode": "managed",
      "type": "azurerm_postgresql_database",
      "name": "acqa-test-pgsqldb1",
      "provider": "provider.azurerm",
      "instances": [
        {
          "schema_version": 0,
          "attributes": {
            "charset": "UTF8",
            "collation": "English_United States.1252",
            "id": "/subscriptions/734613be-a4f0-4fe5-9131-17614a0c896b/resourceGroups/acqa-test-rg1/providers/Microsoft.DBforPostgreSQL/servers/acqa-test-pgsqlserver1/databases/acqa-test-pgsqldb1",
            "name": "acqa-test-pgsqldb1",
            "resource_group_name": "acqa-test-rg1",
            "server_name": "acqa-test-pgsqlserver1",
            "timeouts": null
          },
          "private": "eyJlMmJmYjczMC1lY2FhLTExZTYtOGY4OC0zNDM2M2JjN2M0YzAiOnsiY3JlYXRlIjozNjAwMDAwMDAwMDAwLCJkZWxldGUiOjM2MDAwMDAwMDAwMDAsInJlYWQiOjMwMDAwMDAwMDAwMCwidXBkYXRlIjozNjAwMDAwMDAwMDAwfX0=",
          "dependencies": [
            "azurerm_postgresql_server.acqa-test-pgsqlserver1",
            "azurerm_resource_group.acqa-test-rg1"
          ]
        }
      ]
    },
    {
      "mode": "managed",
      "type": "azurerm_postgresql_server",
      "name": "acqa-test-pgsqlserver1",
      "provider": "provider.azurerm",
      "instances": [
        {
          "schema_version": 0,
          "attributes": {
            "administrator_login": "psqladminun",
            "administrator_login_password": "H@Sh1CoR3!",
            "auto_grow_enabled": true,
            "backup_retention_days": 7,
            "create_mode": "Default",
            "creation_source_server_id": null,
            "fqdn": "acqa-test-pgsqlserver1.postgres.database.azure.com",
            "geo_redundant_backup_enabled": false,
            "id": "/subscriptions/734613be-a4f0-4fe5-9131-17614a0c896b/resourceGroups/acqa-test-rg1/providers/Microsoft.DBforPostgreSQL/servers/acqa-test-pgsqlserver1",
            "infrastructure_encryption_enabled": false,
            "location": "eastus",
            "name": "acqa-test-pgsqlserver1",
            "public_network_access_enabled": true,
            "resource_group_name": "acqa-test-rg1",
            "restore_point_in_time": null,
            "sku_name": "B_Gen5_2",
            "ssl_enforcement": "Disabled",
            "ssl_enforcement_enabled": false,
            "ssl_minimal_tls_version_enforced": "TLSEnforcementDisabled",
            "storage_mb": 5120,
            "storage_profile": [
              {
                "auto_grow": "Enabled",
                "backup_retention_days": 7,
                "geo_redundant_backup": "Disabled",
                "storage_mb": 5120
              }
            ],
            "tags": {
              "ACQAResource": "true",
              "Name": "acqa-test-pgsqlserver1",
              "Owner": "ACQA"
            },
            "threat_detection_policy": [],
            "timeouts": null,
            "version": "9.5"
          },
          "private": "eyJlMmJmYjczMC1lY2FhLTExZTYtOGY4OC0zNDM2M2JjN2M0YzAiOnsiY3JlYXRlIjozNjAwMDAwMDAwMDAwLCJkZWxldGUiOjM2MDAwMDAwMDAwMDAsInJlYWQiOjMwMDAwMDAwMDAwMCwidXBkYXRlIjozNjAwMDAwMDAwMDAwfX0=",
          "dependencies": [
            "azurerm_resource_group.acqa-test-rg1"
          ]
        }
      ]
    },
    {
      "mode": "managed",
      "type": "azurerm_public_ip",
      "name": "acqa-test-publicip1",
      "provider": "provider.azurerm",
      "instances": [
        {
          "schema_version": 0,
          "attributes": {
            "allocation_method": "Dynamic",
            "domain_name_label": null,
            "fqdn": null,
            "id": "/subscriptions/734613be-a4f0-4fe5-9131-17614a0c896b/resourceGroups/acqa-test-rg1/providers/Microsoft.Network/publicIPAddresses/acqa-test-publicip1",
            "idle_timeout_in_minutes": 4,
            "ip_address": "",
            "ip_version": "IPv4",
            "location": "eastus",
            "name": "acqa-test-publicip1",
            "public_ip_prefix_id": null,
            "resource_group_name": "acqa-test-rg1",
            "reverse_fqdn": null,
            "sku": "Basic",
            "tags": {
              "ACQAResource": "true",
              "Name": "acqa-test-publicip1",
              "Owner": "ACQA"
            },
            "timeouts": null,
            "zones": null
          },
          "private": "eyJlMmJmYjczMC1lY2FhLTExZTYtOGY4OC0zNDM2M2JjN2M0YzAiOnsiY3JlYXRlIjoxODAwMDAwMDAwMDAwLCJkZWxldGUiOjE4MDAwMDAwMDAwMDAsInJlYWQiOjMwMDAwMDAwMDAwMCwidXBkYXRlIjoxODAwMDAwMDAwMDAwfX0=",
          "dependencies": [
            "azurerm_resource_group.acqa-test-rg1"
          ]
        }
      ]
    },
    {
      "mode": "managed",
      "type": "azurerm_public_ip",
      "name": "acqa-test-publicip2",
      "provider": "provider.azurerm",
      "instances": [
        {
          "schema_version": 0,
          "attributes": {
            "allocation_method": "Dynamic",
            "domain_name_label": null,
            "fqdn": null,
            "id": "/subscriptions/734613be-a4f0-4fe5-9131-17614a0c896b/resourceGroups/acqa-test-rg1/providers/Microsoft.Network/publicIPAddresses/acqa-test-publicip2",
            "idle_timeout_in_minutes": 4,
            "ip_address": "",
            "ip_version": "IPv4",
            "location": "eastus",
            "name": "acqa-test-publicip2",
            "public_ip_prefix_id": null,
            "resource_group_name": "acqa-test-rg1",
            "reverse_fqdn": null,
            "sku": "Basic",
            "tags": {
              "ACQAResource": "true",
              "Name": "acqa-test-publicip2",
              "Owner": "ACQA"
            },
            "timeouts": null,
            "zones": null
          },
          "private": "eyJlMmJmYjczMC1lY2FhLTExZTYtOGY4OC0zNDM2M2JjN2M0YzAiOnsiY3JlYXRlIjoxODAwMDAwMDAwMDAwLCJkZWxldGUiOjE4MDAwMDAwMDAwMDAsInJlYWQiOjMwMDAwMDAwMDAwMCwidXBkYXRlIjoxODAwMDAwMDAwMDAwfX0=",
          "dependencies": [
            "azurerm_resource_group.acqa-test-rg1"
          ]
        }
      ]
    },
    {
      "mode": "managed",
      "type": "azurerm_resource_group",
      "name": "acqa-test-rg1",
      "provider": "provider.azurerm",
      "instances": [
        {
          "schema_version": 0,
          "attributes": {
            "id": "/subscriptions/734613be-a4f0-4fe5-9131-17614a0c896b/resourceGroups/acqa-test-rg1",
            "location": "eastus",
            "name": "acqa-test-rg1",
            "tags": {
              "ACQAResource": "true",
              "Name": "acqa-test-rg1",
              "Owner": "ACQA"
            },
            "timeouts": null
          },
          "private": "eyJlMmJmYjczMC1lY2FhLTExZTYtOGY4OC0zNDM2M2JjN2M0YzAiOnsiY3JlYXRlIjo1NDAwMDAwMDAwMDAwLCJkZWxldGUiOjU0MDAwMDAwMDAwMDAsInJlYWQiOjMwMDAwMDAwMDAwMCwidXBkYXRlIjo1NDAwMDAwMDAwMDAwfX0="
        }
      ]
    },
    {
      "mode": "managed",
      "type": "azurerm_sql_database",
      "name": "acqa-test-sqldb1",
      "provider": "provider.azurerm",
      "instances": [
        {
          "schema_version": 0,
          "attributes": {
            "collation": "SQL_Latin1_General_CP1_CI_AS",
            "create_mode": "Default",
            "creation_date": "2020-08-01T06:02:34.523Z",
            "default_secondary_location": "West US",
            "edition": "GeneralPurpose",
            "elastic_pool_name": "",
            "encryption": "",
            "extended_auditing_policy": [],
            "id": "/subscriptions/734613be-a4f0-4fe5-9131-17614a0c896b/resourceGroups/acqa-test-rg1/providers/Microsoft.Sql/servers/acqa-test-sqlserver1/databases/acqa-test-sqldb1",
            "import": [],
            "location": "eastus",
            "max_size_bytes": "34359738368",
            "max_size_gb": null,
            "name": "acqa-test-sqldb1",
            "read_scale": false,
            "requested_service_objective_id": "f21733ad-9b9b-4d4e-a4fa-94a133c41718",
            "requested_service_objective_name": "GP_Gen5_2",
            "resource_group_name": "acqa-test-rg1",
            "restore_point_in_time": null,
            "server_name": "acqa-test-sqlserver1",
            "source_database_deletion_date": null,
            "source_database_id": null,
            "tags": {
              "ACQAResource": "true",
              "Name": "acqa-test-sqldb1",
              "Owner": "ACQA"
            },
            "threat_detection_policy": [
              {
                "disabled_alerts": null,
                "email_account_admins": "Disabled",
                "email_addresses": null,
                "retention_days": 0,
                "state": "Disabled",
                "storage_account_access_key": "",
                "storage_endpoint": "",
                "use_server_default": "Disabled"
              }
            ],
            "timeouts": null,
            "zone_redundant": false
          },
          "private": "eyJlMmJmYjczMC1lY2FhLTExZTYtOGY4OC0zNDM2M2JjN2M0YzAiOnsiY3JlYXRlIjozNjAwMDAwMDAwMDAwLCJkZWxldGUiOjM2MDAwMDAwMDAwMDAsInJlYWQiOjMwMDAwMDAwMDAwMCwidXBkYXRlIjozNjAwMDAwMDAwMDAwfX0=",
          "dependencies": [
            "azurerm_resource_group.acqa-test-rg1",
            "azurerm_sql_server.acqa-test-sqlserver1"
          ]
        }
      ]
    },
    {
      "mode": "managed",
      "type": "azurerm_sql_firewall_rule",
      "name": "acqa-test-firewallrule1",
      "provider": "provider.azurerm",
      "instances": [
        {
          "schema_version": 0,
          "attributes": {
            "end_ip_address": "0.0.0.0",
            "id": "/subscriptions/734613be-a4f0-4fe5-9131-17614a0c896b/resourceGroups/acqa-test-rg1/providers/Microsoft.Sql/servers/acqa-test-sqlserver1/firewallRules/acqa-test-firewallrule1",
            "name": "acqa-test-firewallrule1",
            "resource_group_name": "acqa-test-rg1",
            "server_name": "acqa-test-sqlserver1",
            "start_ip_address": "0.0.0.0",
            "timeouts": null
          },
          "private": "eyJlMmJmYjczMC1lY2FhLTExZTYtOGY4OC0zNDM2M2JjN2M0YzAiOnsiY3JlYXRlIjoxODAwMDAwMDAwMDAwLCJkZWxldGUiOjE4MDAwMDAwMDAwMDAsInJlYWQiOjMwMDAwMDAwMDAwMCwidXBkYXRlIjoxODAwMDAwMDAwMDAwfX0=",
          "dependencies": [
            "azurerm_resource_group.acqa-test-rg1",
            "azurerm_sql_server.acqa-test-sqlserver1"
          ]
        }
      ]
    },
    {
      "mode": "managed",
      "type": "azurerm_sql_server",
      "name": "acqa-test-sqlserver1",
      "provider": "provider.azurerm",
      "instances": [
        {
          "schema_version": 0,
          "attributes": {
            "administrator_login": "4dm1n157r470r",
            "administrator_login_password": "4-v3ry-53cr37-p455w0rd",
            "connection_policy": "Default",
            "extended_auditing_policy": [],
            "fully_qualified_domain_name": "acqa-test-sqlserver1.database.windows.net",
            "id": "/subscriptions/734613be-a4f0-4fe5-9131-17614a0c896b/resourceGroups/acqa-test-rg1/providers/Microsoft.Sql/servers/acqa-test-sqlserver1",
            "identity": [],
            "location": "eastus",
            "name": "acqa-test-sqlserver1",
            "resource_group_name": "acqa-test-rg1",
            "tags": {
              "ACQAResource": "true",
              "Name": "acqa-test-sqlserver1",
              "Owner": "ACQA"
            },
            "timeouts": null,
            "version": "12.0"
          },
          "private": "eyJlMmJmYjczMC1lY2FhLTExZTYtOGY4OC0zNDM2M2JjN2M0YzAiOnsiY3JlYXRlIjozNjAwMDAwMDAwMDAwLCJkZWxldGUiOjM2MDAwMDAwMDAwMDAsInJlYWQiOjMwMDAwMDAwMDAwMCwidXBkYXRlIjozNjAwMDAwMDAwMDAwfX0=",
          "dependencies": [
            "azurerm_resource_group.acqa-test-rg1"
          ]
        }
      ]
    },
    {
      "mode": "managed",
      "type": "azurerm_storage_account",
      "name": "acqa-test-storageaccount1",
      "provider": "provider.azurerm",
      "instances": [
        {
          "schema_version": 2,
          "attributes": {
            "access_tier": "Hot",
            "account_kind": "StorageV2",
            "account_replication_type": "LRS",
            "account_tier": "Standard",
            "allow_blob_public_access": false,
            "blob_properties": [],
            "custom_domain": [],
            "enable_https_traffic_only": true,
            "id": "/subscriptions/734613be-a4f0-4fe5-9131-17614a0c896b/resourceGroups/acqa-test-rg1/providers/Microsoft.Storage/storageAccounts/acqateststorageaccount1",
            "identity": [],
            "is_hns_enabled": false,
            "location": "eastus",
            "name": "acqateststorageaccount1",
            "network_rules": [
              {
                "bypass": [
                  "AzureServices"
                ],
                "default_action": "Allow",
                "ip_rules": [],
                "virtual_network_subnet_ids": []
              }
            ],
            "primary_access_key": "KlhtGcvLNUigsSRZtX23C+kqHGtpU8Td9Cr8gg/LAUhznQzgcKnD0d/x2kZkC6wfK4qHnbdTxoNFeSFpdpdrcg==",
            "primary_blob_connection_string": "DefaultEndpointsProtocol=https;BlobEndpoint=https://acqateststorageaccount1.blob.core.windows.net/;AccountName=acqateststorageaccount1;AccountKey=KlhtGcvLNUigsSRZtX23C+kqHGtpU8Td9Cr8gg/LAUhznQzgcKnD0d/x2kZkC6wfK4qHnbdTxoNFeSFpdpdrcg==",
            "primary_blob_endpoint": "https://acqateststorageaccount1.blob.core.windows.net/",
            "primary_blob_host": "acqateststorageaccount1.blob.core.windows.net",
            "primary_connection_string": "DefaultEndpointsProtocol=https;AccountName=acqateststorageaccount1;AccountKey=KlhtGcvLNUigsSRZtX23C+kqHGtpU8Td9Cr8gg/LAUhznQzgcKnD0d/x2kZkC6wfK4qHnbdTxoNFeSFpdpdrcg==;EndpointSuffix=core.windows.net",
            "primary_dfs_endpoint": "https://acqateststorageaccount1.dfs.core.windows.net/",
            "primary_dfs_host": "acqateststorageaccount1.dfs.core.windows.net",
            "primary_file_endpoint": "https://acqateststorageaccount1.file.core.windows.net/",
            "primary_file_host": "acqateststorageaccount1.file.core.windows.net",
            "primary_location": "eastus",
            "primary_queue_endpoint": "https://acqateststorageaccount1.queue.core.windows.net/",
            "primary_queue_host": "acqateststorageaccount1.queue.core.windows.net",
            "primary_table_endpoint": "https://acqateststorageaccount1.table.core.windows.net/",
            "primary_table_host": "acqateststorageaccount1.table.core.windows.net",
            "primary_web_endpoint": "https://acqateststorageaccount1.z13.web.core.windows.net/",
            "primary_web_host": "acqateststorageaccount1.z13.web.core.windows.net",
            "queue_properties": [
              {
                "cors_rule": [],
                "hour_metrics": [
                  {
                    "enabled": true,
                    "include_apis": true,
                    "retention_policy_days": 7,
                    "version": "1.0"
                  }
                ],
                "logging": [
                  {
                    "delete": false,
                    "read": false,
                    "retention_policy_days": 0,
                    "version": "1.0",
                    "write": false
                  }
                ],
                "minute_metrics": [
                  {
                    "enabled": false,
                    "include_apis": false,
                    "retention_policy_days": 0,
                    "version": "1.0"
                  }
                ]
              }
            ],
            "resource_group_name": "acqa-test-rg1",
            "secondary_access_key": "jvpmrX6n0fVYlK0mArTiiHuJ8+AUvFiWiYhtlOOqZxgq9Iy8zBVXFiTFTSVj+RmLvcfH4zMjs4P7VKR7xFwcRg==",
            "secondary_blob_connection_string": "",
            "secondary_blob_endpoint": null,
            "secondary_blob_host": null,
            "secondary_connection_string": "DefaultEndpointsProtocol=https;AccountName=acqateststorageaccount1;AccountKey=jvpmrX6n0fVYlK0mArTiiHuJ8+AUvFiWiYhtlOOqZxgq9Iy8zBVXFiTFTSVj+RmLvcfH4zMjs4P7VKR7xFwcRg==;EndpointSuffix=core.windows.net",
            "secondary_dfs_endpoint": null,
            "secondary_dfs_host": null,
            "secondary_file_endpoint": null,
            "secondary_file_host": null,
            "secondary_location": "",
            "secondary_queue_endpoint": null,
            "secondary_queue_host": null,
            "secondary_table_endpoint": null,
            "secondary_table_host": null,
            "secondary_web_endpoint": null,
            "secondary_web_host": null,
            "static_website": [],
            "tags": {
              "ACQAResource": "true",
              "Name": "acqa-test-storageaccount1",
              "Owner": "ACQA"
            },
            "timeouts": null
          },
          "private": "eyJlMmJmYjczMC1lY2FhLTExZTYtOGY4OC0zNDM2M2JjN2M0YzAiOnsiY3JlYXRlIjozNjAwMDAwMDAwMDAwLCJkZWxldGUiOjM2MDAwMDAwMDAwMDAsInJlYWQiOjMwMDAwMDAwMDAwMCwidXBkYXRlIjozNjAwMDAwMDAwMDAwfSwic2NoZW1hX3ZlcnNpb24iOiIyIn0=",
          "dependencies": [
            "azurerm_resource_group.acqa-test-rg1"
          ]
        }
      ]
    },
    {
      "mode": "managed",
      "type": "azurerm_subnet",
      "name": "acqa-test-subnet1",
      "provider": "provider.azurerm",
      "instances": [
        {
          "schema_version": 0,
          "attributes": {
            "address_prefix": "10.0.1.0/24",
            "address_prefixes": [
              "10.0.1.0/24"
            ],
            "delegation": [],
            "enforce_private_link_endpoint_network_policies": false,
            "enforce_private_link_service_network_policies": false,
            "id": "/subscriptions/734613be-a4f0-4fe5-9131-17614a0c896b/resourceGroups/acqa-test-rg1/providers/Microsoft.Network/virtualNetworks/acqa-test-vnet1/subnets/acqa-test-subnet1",
            "name": "acqa-test-subnet1",
            "resource_group_name": "acqa-test-rg1",
            "service_endpoints": null,
            "timeouts": null,
            "virtual_network_name": "acqa-test-vnet1"
          },
          "private": "eyJlMmJmYjczMC1lY2FhLTExZTYtOGY4OC0zNDM2M2JjN2M0YzAiOnsiY3JlYXRlIjoxODAwMDAwMDAwMDAwLCJkZWxldGUiOjE4MDAwMDAwMDAwMDAsInJlYWQiOjMwMDAwMDAwMDAwMCwidXBkYXRlIjoxODAwMDAwMDAwMDAwfX0=",
          "dependencies": [
            "azurerm_resource_group.acqa-test-rg1",
            "azurerm_virtual_network.acqa-test-vnet1"
          ]
        }
      ]
    },
    {
      "mode": "managed",
      "type": "azurerm_virtual_network",
      "name": "acqa-test-vnet1",
      "provider": "provider.azurerm",
      "instances": [
        {
          "schema_version": 0,
          "attributes": {
            "address_space": [
              "10.0.0.0/16"
            ],
            "ddos_protection_plan": [],
            "dns_servers": null,
            "guid": "a0390057-5d19-4304-b789-770e23510213",
            "id": "/subscriptions/734613be-a4f0-4fe5-9131-17614a0c896b/resourceGroups/acqa-test-rg1/providers/Microsoft.Network/virtualNetworks/acqa-test-vnet1",
            "location": "eastus",
            "name": "acqa-test-vnet1",
            "resource_group_name": "acqa-test-rg1",
            "subnet": [],
            "tags": {
              "ACQAResource": "true",
              "Name": "acqa-test-vnet1",
              "Owner": "ACQA"
            },
            "timeouts": null
          },
          "private": "eyJlMmJmYjczMC1lY2FhLTExZTYtOGY4OC0zNDM2M2JjN2M0YzAiOnsiY3JlYXRlIjoxODAwMDAwMDAwMDAwLCJkZWxldGUiOjE4MDAwMDAwMDAwMDAsInJlYWQiOjMwMDAwMDAwMDAwMCwidXBkYXRlIjoxODAwMDAwMDAwMDAwfX0=",
          "dependencies": [
            "azurerm_resource_group.acqa-test-rg1"
          ]
        }
      ]
    }
  ]
}
